
Microsoft Visual Studio Solution File, Format Version 12.00
# Visual Studio Version 16
VisualStudioVersion = 16.0.29613.14
MinimumVisualStudioVersion = 10.0.40219.1
Project("{FAE04EC0-301F-11D3-BF4B-00C04F79EFBC}") = "NewMobileApplication", "NewMobileApplication\NewMobileApplication.csproj", "{8BDEDBF9-1FB2-4A59-87F3-5424F9213810}"
EndProject
Global
	GlobalSection(SolutionConfigurationPlatforms) = preSolution
		Debug|Any CPU = Debug|Any CPU
		Release|Any CPU = Release|Any CPU
	EndGlobalSection
	GlobalSection(ProjectConfigurationPlatforms) = postSolution
		{8BDEDBF9-1FB2-4A59-87F3-5424F9213810}.Debug|Any CPU.ActiveCfg = Debug|Any CPU
		{8BDEDBF9-1FB2-4A59-87F3-5424F9213810}.Debug|Any CPU.Build.0 = Debug|Any CPU
		{8BDEDBF9-1FB2-4A59-87F3-5424F9213810}.Release|Any CPU.ActiveCfg = Release|Any CPU
		{8BDEDBF9-1FB2-4A59-87F3-5424F9213810}.Release|Any CPU.Build.0 = Release|Any CPU
	EndGlobalSection
	GlobalSection(SolutionProperties) = preSolution
		HideSolutionNode = FALSE
	EndGlobalSection
	GlobalSection(ExtensibilityGlobals) = postSolution
		SolutionGuid = {B7546F16-F8D1-4762-AE79-D0CEC9D58DC5}
	EndGlobalSection
EndGlobal
